
Microsoft Visual Studio Solution File, Format Version 12.00
# Visual Studio Version 16
VisualStudioVersion = 16.0.30320.27
MinimumVisualStudioVersion = 15.0.26124.0
Project("{2150E333-8FDC-42A3-9474-1A3956D46DE8}") = "src", "src", "{B3BAD1E2-1B9F-4F6A-9536-BD335F9666FD}"
EndProject
Project("{9A19103F-16F7-4668-BE54-9A1E7A4F7556}") = "TBC.Extensions.Configuration.Registry", "src\TBC.Extensions.Configuration.Registry\TBC.Extensions.Configuration.Registry.csproj", "{C8999B57-69C4-43DE-9BA4-31E7CAF66B51}"
EndProject
Project("{2150E333-8FDC-42A3-9474-1A3956D46DE8}") = "tests", "tests", "{E4410D56-3FAC-4E2D-BA48-498A9CD7E56A}"
EndProject
Project("{FAE04EC0-301F-11D3-BF4B-00C04F79EFBC}") = "TBC.Extensions.Configuration.Registry.Tests", "tests\TBC.Extensions.Configuration.Registry.Tests\TBC.Extensions.Configuration.Registry.Tests.csproj", "{43A63283-F527-462C-9022-4980CFBE4B0A}"
EndProject
Global
	GlobalSection(SolutionConfigurationPlatforms) = preSolution
		Debug|Any CPU = Debug|Any CPU
		Release|Any CPU = Release|Any CPU
	EndGlobalSection
	GlobalSection(ProjectConfigurationPlatforms) = postSolution
		{C8999B57-69C4-43DE-9BA4-31E7CAF66B51}.Debug|Any CPU.ActiveCfg = Debug|Any CPU
		{C8999B57-69C4-43DE-9BA4-31E7CAF66B51}.Debug|Any CPU.Build.0 = Debug|Any CPU
		{C8999B57-69C4-43DE-9BA4-31E7CAF66B51}.Release|Any CPU.ActiveCfg = Release|Any CPU
		{C8999B57-69C4-43DE-9BA4-31E7CAF66B51}.Release|Any CPU.Build.0 = Release|Any CPU
		{43A63283-F527-462C-9022-4980CFBE4B0A}.Debug|Any CPU.ActiveCfg = Debug|Any CPU
		{43A63283-F527-462C-9022-4980CFBE4B0A}.Debug|Any CPU.Build.0 = Debug|Any CPU
		{43A63283-F527-462C-9022-4980CFBE4B0A}.Release|Any CPU.ActiveCfg = Release|Any CPU
		{43A63283-F527-462C-9022-4980CFBE4B0A}.Release|Any CPU.Build.0 = Release|Any CPU
	EndGlobalSection
	GlobalSection(SolutionProperties) = preSolution
		HideSolutionNode = FALSE
	EndGlobalSection
	GlobalSection(NestedProjects) = preSolution
		{C8999B57-69C4-43DE-9BA4-31E7CAF66B51} = {B3BAD1E2-1B9F-4F6A-9536-BD335F9666FD}
		{43A63283-F527-462C-9022-4980CFBE4B0A} = {E4410D56-3FAC-4E2D-BA48-498A9CD7E56A}
	EndGlobalSection
	GlobalSection(ExtensibilityGlobals) = postSolution
		SolutionGuid = {1CE7A76A-488B-4B79-90FA-7794F211165A}
	EndGlobalSection
EndGlobal
